
Microsoft Visual Studio Solution File, Format Version 11.00
# Visual Studio 2010
# SharpDevelop 5.1
Project("{FAE04EC0-301F-11D3-BF4B-00C04F79EFBC}") = "Juego", "Juego\Juego.csproj", "{6547C807-D0FF-48FE-A121-56DA47118E53}"
EndProject
Global
	GlobalSection(SolutionConfigurationPlatforms) = preSolution
		Debug|Any CPU = Debug|Any CPU
		Release|Any CPU = Release|Any CPU
	EndGlobalSection
	GlobalSection(ProjectConfigurationPlatforms) = postSolution
		{6547C807-D0FF-48FE-A121-56DA47118E53}.Debug|Any CPU.ActiveCfg = Debug|Any CPU
		{6547C807-D0FF-48FE-A121-56DA47118E53}.Debug|Any CPU.Build.0 = Debug|Any CPU
		{6547C807-D0FF-48FE-A121-56DA47118E53}.Release|Any CPU.ActiveCfg = Release|Any CPU
		{6547C807-D0FF-48FE-A121-56DA47118E53}.Release|Any CPU.Build.0 = Release|Any CPU
	EndGlobalSection
EndGlobal
