
Microsoft Visual Studio Solution File, Format Version 11.00
# Visual Studio 2010
# SharpDevelop 5.1
Project("{FAE04EC0-301F-11D3-BF4B-00C04F79EFBC}") = "Vehiculo", "Vehiculo\Vehiculo.csproj", "{C905775A-A4E8-4070-87F7-A019E0E3BD1A}"
EndProject
Global
	GlobalSection(SolutionConfigurationPlatforms) = preSolution
		Debug|Any CPU = Debug|Any CPU
		Release|Any CPU = Release|Any CPU
	EndGlobalSection
	GlobalSection(ProjectConfigurationPlatforms) = postSolution
		{C905775A-A4E8-4070-87F7-A019E0E3BD1A}.Debug|Any CPU.ActiveCfg = Debug|Any CPU
		{C905775A-A4E8-4070-87F7-A019E0E3BD1A}.Debug|Any CPU.Build.0 = Debug|Any CPU
		{C905775A-A4E8-4070-87F7-A019E0E3BD1A}.Release|Any CPU.ActiveCfg = Release|Any CPU
		{C905775A-A4E8-4070-87F7-A019E0E3BD1A}.Release|Any CPU.Build.0 = Release|Any CPU
	EndGlobalSection
EndGlobal
